
Microsoft Visual Studio Solution File, Format Version 12.00
# Visual Studio Version 17
VisualStudioVersion = 17.13.35919.96 d17.13
MinimumVisualStudioVersion = 10.0.40219.1
Project("{FAE04EC0-301F-11D3-BF4B-00C04F79EFBC}") = "01.Hello C#", "01.Hello C#\01.Hello C#.csproj", "{A261EFC4-3E40-4965-8E56-343419ED9F88}"
EndProject
Project("{FAE04EC0-301F-11D3-BF4B-00C04F79EFBC}") = "02.Print 5", "02.Print 5\02.Print 5.csproj", "{2D4101E2-3A83-49A4-AC2E-643B1850E635}"
EndProject
Project("{FAE04EC0-301F-11D3-BF4B-00C04F79EFBC}") = "03.Name and Expression", "03.Name and Expression\03.Name and Expression.csproj", "{7E331A59-A5FF-465D-BD96-748EB4B7927F}"
EndProject
Project("{FAE04EC0-301F-11D3-BF4B-00C04F79EFBC}") = "04.Calculations", "04.Calculations\04.Calculations.csproj", "{2AAA0A92-C67C-4A5A-844D-7D98E362F813}"
EndProject
Project("{FAE04EC0-301F-11D3-BF4B-00C04F79EFBC}") = "05.Greetings", "Greetings\05.Greetings.csproj", "{A7037DCC-3CF5-441A-99DE-4DEA18802F5C}"
EndProject
Project("{FAE04EC0-301F-11D3-BF4B-00C04F79EFBC}") = "07.Person Info", "07.Person Info\07.Person Info.csproj", "{6145C3BE-1E5E-4886-8018-EDB354499D12}"
EndProject
Project("{FAE04EC0-301F-11D3-BF4B-00C04F79EFBC}") = "09.DaysInMinutes", "09.DaysInMinutes\09.DaysInMinutes.csproj", "{DB9A417E-F4D8-4665-8C85-36332C627C45}"
EndProject
Project("{FAE04EC0-301F-11D3-BF4B-00C04F79EFBC}") = "06.CustomerInfo", "06.CustomerInfo\06.CustomerInfo.csproj", "{0BFC01F3-B837-4E42-B5AE-73F73A5C2898}"
EndProject
Project("{FAE04EC0-301F-11D3-BF4B-00C04F79EFBC}") = "08.TownInfo", "08.TownInfo\08.TownInfo.csproj", "{B94322C6-BE89-4E0A-94E4-13E1D82B8E9A}"
EndProject
Project("{FAE04EC0-301F-11D3-BF4B-00C04F79EFBC}") = "10.CalculateSpeed", "10.CalculateSpeed\10.CalculateSpeed.csproj", "{B0853283-F6A6-4A16-8DA3-09158F77ECD1}"
EndProject
Global
	GlobalSection(SolutionConfigurationPlatforms) = preSolution
		Debug|Any CPU = Debug|Any CPU
		Release|Any CPU = Release|Any CPU
	EndGlobalSection
	GlobalSection(ProjectConfigurationPlatforms) = postSolution
		{A261EFC4-3E40-4965-8E56-343419ED9F88}.Debug|Any CPU.ActiveCfg = Debug|Any CPU
		{A261EFC4-3E40-4965-8E56-343419ED9F88}.Debug|Any CPU.Build.0 = Debug|Any CPU
		{A261EFC4-3E40-4965-8E56-343419ED9F88}.Release|Any CPU.ActiveCfg = Release|Any CPU
		{A261EFC4-3E40-4965-8E56-343419ED9F88}.Release|Any CPU.Build.0 = Release|Any CPU
		{2D4101E2-3A83-49A4-AC2E-643B1850E635}.Debug|Any CPU.ActiveCfg = Debug|Any CPU
		{2D4101E2-3A83-49A4-AC2E-643B1850E635}.Debug|Any CPU.Build.0 = Debug|Any CPU
		{2D4101E2-3A83-49A4-AC2E-643B1850E635}.Release|Any CPU.ActiveCfg = Release|Any CPU
		{2D4101E2-3A83-49A4-AC2E-643B1850E635}.Release|Any CPU.Build.0 = Release|Any CPU
		{7E331A59-A5FF-465D-BD96-748EB4B7927F}.Debug|Any CPU.ActiveCfg = Debug|Any CPU
		{7E331A59-A5FF-465D-BD96-748EB4B7927F}.Debug|Any CPU.Build.0 = Debug|Any CPU
		{7E331A59-A5FF-465D-BD96-748EB4B7927F}.Release|Any CPU.ActiveCfg = Release|Any CPU
		{7E331A59-A5FF-465D-BD96-748EB4B7927F}.Release|Any CPU.Build.0 = Release|Any CPU
		{2AAA0A92-C67C-4A5A-844D-7D98E362F813}.Debug|Any CPU.ActiveCfg = Debug|Any CPU
		{2AAA0A92-C67C-4A5A-844D-7D98E362F813}.Debug|Any CPU.Build.0 = Debug|Any CPU
		{2AAA0A92-C67C-4A5A-844D-7D98E362F813}.Release|Any CPU.ActiveCfg = Release|Any CPU
		{2AAA0A92-C67C-4A5A-844D-7D98E362F813}.Release|Any CPU.Build.0 = Release|Any CPU
		{A7037DCC-3CF5-441A-99DE-4DEA18802F5C}.Debug|Any CPU.ActiveCfg = Debug|Any CPU
		{A7037DCC-3CF5-441A-99DE-4DEA18802F5C}.Debug|Any CPU.Build.0 = Debug|Any CPU
		{A7037DCC-3CF5-441A-99DE-4DEA18802F5C}.Release|Any CPU.ActiveCfg = Release|Any CPU
		{A7037DCC-3CF5-441A-99DE-4DEA18802F5C}.Release|Any CPU.Build.0 = Release|Any CPU
		{6145C3BE-1E5E-4886-8018-EDB354499D12}.Debug|Any CPU.ActiveCfg = Debug|Any CPU
		{6145C3BE-1E5E-4886-8018-EDB354499D12}.Debug|Any CPU.Build.0 = Debug|Any CPU
		{6145C3BE-1E5E-4886-8018-EDB354499D12}.Release|Any CPU.ActiveCfg = Release|Any CPU
		{6145C3BE-1E5E-4886-8018-EDB354499D12}.Release|Any CPU.Build.0 = Release|Any CPU
		{DB9A417E-F4D8-4665-8C85-36332C627C45}.Debug|Any CPU.ActiveCfg = Debug|Any CPU
		{DB9A417E-F4D8-4665-8C85-36332C627C45}.Debug|Any CPU.Build.0 = Debug|Any CPU
		{DB9A417E-F4D8-4665-8C85-36332C627C45}.Release|Any CPU.ActiveCfg = Release|Any CPU
		{DB9A417E-F4D8-4665-8C85-36332C627C45}.Release|Any CPU.Build.0 = Release|Any CPU
		{0BFC01F3-B837-4E42-B5AE-73F73A5C2898}.Debug|Any CPU.ActiveCfg = Debug|Any CPU
		{0BFC01F3-B837-4E42-B5AE-73F73A5C2898}.Debug|Any CPU.Build.0 = Debug|Any CPU
		{0BFC01F3-B837-4E42-B5AE-73F73A5C2898}.Release|Any CPU.ActiveCfg = Release|Any CPU
		{0BFC01F3-B837-4E42-B5AE-73F73A5C2898}.Release|Any CPU.Build.0 = Release|Any CPU
		{B94322C6-BE89-4E0A-94E4-13E1D82B8E9A}.Debug|Any CPU.ActiveCfg = Debug|Any CPU
		{B94322C6-BE89-4E0A-94E4-13E1D82B8E9A}.Debug|Any CPU.Build.0 = Debug|Any CPU
		{B94322C6-BE89-4E0A-94E4-13E1D82B8E9A}.Release|Any CPU.ActiveCfg = Release|Any CPU
		{B94322C6-BE89-4E0A-94E4-13E1D82B8E9A}.Release|Any CPU.Build.0 = Release|Any CPU
		{B0853283-F6A6-4A16-8DA3-09158F77ECD1}.Debug|Any CPU.ActiveCfg = Debug|Any CPU
		{B0853283-F6A6-4A16-8DA3-09158F77ECD1}.Debug|Any CPU.Build.0 = Debug|Any CPU
		{B0853283-F6A6-4A16-8DA3-09158F77ECD1}.Release|Any CPU.ActiveCfg = Release|Any CPU
		{B0853283-F6A6-4A16-8DA3-09158F77ECD1}.Release|Any CPU.Build.0 = Release|Any CPU
	EndGlobalSection
	GlobalSection(SolutionProperties) = preSolution
		HideSolutionNode = FALSE
	EndGlobalSection
	GlobalSection(ExtensibilityGlobals) = postSolution
		SolutionGuid = {2963BB93-9EF3-4DC0-AA2D-4B62B7DD9453}
	EndGlobalSection
EndGlobal
